
Microsoft Visual Studio Solution File, Format Version 12.00
# Visual Studio Version 16
VisualStudioVersion = 16.0.30503.244
MinimumVisualStudioVersion = 10.0.40219.1
Project("{FAE04EC0-301F-11D3-BF4B-00C04F79EFBC}") = "Task Performance", "Task Performance\Task Performance.csproj", "{14089CE2-6DBE-4828-B72A-AF9A88573375}"
EndProject
Global
	GlobalSection(SolutionConfigurationPlatforms) = preSolution
		Debug|Any CPU = Debug|Any CPU
		Release|Any CPU = Release|Any CPU
	EndGlobalSection
	GlobalSection(ProjectConfigurationPlatforms) = postSolution
		{14089CE2-6DBE-4828-B72A-AF9A88573375}.Debug|Any CPU.ActiveCfg = Debug|Any CPU
		{14089CE2-6DBE-4828-B72A-AF9A88573375}.Debug|Any CPU.Build.0 = Debug|Any CPU
		{14089CE2-6DBE-4828-B72A-AF9A88573375}.Release|Any CPU.ActiveCfg = Release|Any CPU
		{14089CE2-6DBE-4828-B72A-AF9A88573375}.Release|Any CPU.Build.0 = Release|Any CPU
	EndGlobalSection
	GlobalSection(SolutionProperties) = preSolution
		HideSolutionNode = FALSE
	EndGlobalSection
	GlobalSection(ExtensibilityGlobals) = postSolution
		SolutionGuid = {E52F61F3-CC1B-4C9D-A7CA-C6EFD275C697}
	EndGlobalSection
EndGlobal
